
Microsoft Visual Studio Solution File, Format Version 12.00
# Visual Studio 2013
VisualStudioVersion = 12.0.31101.0
MinimumVisualStudioVersion = 10.0.40219.1
Project("{FAE04EC0-301F-11D3-BF4B-00C04F79EFBC}") = "DrySwitch", "DrySwitch\DrySwitch.csproj", "{A0F94A71-6C5E-4A9E-9A7A-2DA042447011}"
EndProject
Project("{FAE04EC0-301F-11D3-BF4B-00C04F79EFBC}") = "Examples", "Examples\Examples.csproj", "{2D7FCB44-AAF3-4D5C-81B1-D4017324D89A}"
EndProject
Project("{2150E333-8FDC-42A3-9474-1A3956D46DE8}") = "DependenciasProyectos", "DependenciasProyectos", "{1C326A12-DDE2-4ECD-B507-FFE7D6DFA6D9}"
EndProject
Project("{FAE04EC0-301F-11D3-BF4B-00C04F79EFBC}") = "Client", "Client\Client.csproj", "{B8F3E7FB-5B51-4BBF-BAD0-E771C71F1D99}"
EndProject
Project("{FAE04EC0-301F-11D3-BF4B-00C04F79EFBC}") = "RestAPI", "RestAPI\RestAPI.csproj", "{5B25C1C8-3DAB-4ED7-92C7-9F6701C3D787}"
EndProject
Project("{FAE04EC0-301F-11D3-BF4B-00C04F79EFBC}") = "DataContracts", "DataContracts\DataContracts.csproj", "{466538F5-069D-47CF-94AE-94DCA40A8AC5}"
EndProject
Project("{FAE04EC0-301F-11D3-BF4B-00C04F79EFBC}") = "LogicaNegocios", "LogicaNegocios\LogicaNegocios.csproj", "{0366CD86-97A8-4622-A4DA-382427179411}"
EndProject
Project("{2150E333-8FDC-42A3-9474-1A3956D46DE8}") = "RefactorizacionCodigo", "RefactorizacionCodigo", "{521E94A7-EBD9-48C4-B24E-3F73B369725D}"
EndProject
Project("{FAE04EC0-301F-11D3-BF4B-00C04F79EFBC}") = "RefactorizacionTests", "RefactorizacionTests\RefactorizacionTests.csproj", "{FF1F6FA9-ACA6-441D-8ADC-960B10E4840D}"
EndProject
Project("{FAE04EC0-301F-11D3-BF4B-00C04F79EFBC}") = "DistribuidorLlamadas", "DistribuidorLlamadas\DistribuidorLlamadas.csproj", "{733AF6FB-A594-4B62-9B6D-0292FC7C5485}"
EndProject
Project("{FAE04EC0-301F-11D3-BF4B-00C04F79EFBC}") = "AccesoDatos", "AccesoDatos\AccesoDatos.csproj", "{42094970-C8FE-4115-A8B0-E777D420343F}"
EndProject
Global
	GlobalSection(SolutionConfigurationPlatforms) = preSolution
		Debug|Any CPU = Debug|Any CPU
		Release|Any CPU = Release|Any CPU
	EndGlobalSection
	GlobalSection(ProjectConfigurationPlatforms) = postSolution
		{A0F94A71-6C5E-4A9E-9A7A-2DA042447011}.Debug|Any CPU.ActiveCfg = Debug|Any CPU
		{A0F94A71-6C5E-4A9E-9A7A-2DA042447011}.Debug|Any CPU.Build.0 = Debug|Any CPU
		{A0F94A71-6C5E-4A9E-9A7A-2DA042447011}.Release|Any CPU.ActiveCfg = Release|Any CPU
		{A0F94A71-6C5E-4A9E-9A7A-2DA042447011}.Release|Any CPU.Build.0 = Release|Any CPU
		{2D7FCB44-AAF3-4D5C-81B1-D4017324D89A}.Debug|Any CPU.ActiveCfg = Debug|Any CPU
		{2D7FCB44-AAF3-4D5C-81B1-D4017324D89A}.Debug|Any CPU.Build.0 = Debug|Any CPU
		{2D7FCB44-AAF3-4D5C-81B1-D4017324D89A}.Release|Any CPU.ActiveCfg = Release|Any CPU
		{2D7FCB44-AAF3-4D5C-81B1-D4017324D89A}.Release|Any CPU.Build.0 = Release|Any CPU
		{B8F3E7FB-5B51-4BBF-BAD0-E771C71F1D99}.Debug|Any CPU.ActiveCfg = Debug|Any CPU
		{B8F3E7FB-5B51-4BBF-BAD0-E771C71F1D99}.Debug|Any CPU.Build.0 = Debug|Any CPU
		{B8F3E7FB-5B51-4BBF-BAD0-E771C71F1D99}.Release|Any CPU.ActiveCfg = Release|Any CPU
		{B8F3E7FB-5B51-4BBF-BAD0-E771C71F1D99}.Release|Any CPU.Build.0 = Release|Any CPU
		{5B25C1C8-3DAB-4ED7-92C7-9F6701C3D787}.Debug|Any CPU.ActiveCfg = Debug|Any CPU
		{5B25C1C8-3DAB-4ED7-92C7-9F6701C3D787}.Debug|Any CPU.Build.0 = Debug|Any CPU
		{5B25C1C8-3DAB-4ED7-92C7-9F6701C3D787}.Release|Any CPU.ActiveCfg = Release|Any CPU
		{5B25C1C8-3DAB-4ED7-92C7-9F6701C3D787}.Release|Any CPU.Build.0 = Release|Any CPU
		{466538F5-069D-47CF-94AE-94DCA40A8AC5}.Debug|Any CPU.ActiveCfg = Debug|Any CPU
		{466538F5-069D-47CF-94AE-94DCA40A8AC5}.Debug|Any CPU.Build.0 = Debug|Any CPU
		{466538F5-069D-47CF-94AE-94DCA40A8AC5}.Release|Any CPU.ActiveCfg = Release|Any CPU
		{466538F5-069D-47CF-94AE-94DCA40A8AC5}.Release|Any CPU.Build.0 = Release|Any CPU
		{0366CD86-97A8-4622-A4DA-382427179411}.Debug|Any CPU.ActiveCfg = Debug|Any CPU
		{0366CD86-97A8-4622-A4DA-382427179411}.Debug|Any CPU.Build.0 = Debug|Any CPU
		{0366CD86-97A8-4622-A4DA-382427179411}.Release|Any CPU.ActiveCfg = Release|Any CPU
		{0366CD86-97A8-4622-A4DA-382427179411}.Release|Any CPU.Build.0 = Release|Any CPU
		{FF1F6FA9-ACA6-441D-8ADC-960B10E4840D}.Debug|Any CPU.ActiveCfg = Debug|Any CPU
		{FF1F6FA9-ACA6-441D-8ADC-960B10E4840D}.Debug|Any CPU.Build.0 = Debug|Any CPU
		{FF1F6FA9-ACA6-441D-8ADC-960B10E4840D}.Release|Any CPU.ActiveCfg = Release|Any CPU
		{FF1F6FA9-ACA6-441D-8ADC-960B10E4840D}.Release|Any CPU.Build.0 = Release|Any CPU
		{733AF6FB-A594-4B62-9B6D-0292FC7C5485}.Debug|Any CPU.ActiveCfg = Debug|Any CPU
		{733AF6FB-A594-4B62-9B6D-0292FC7C5485}.Debug|Any CPU.Build.0 = Debug|Any CPU
		{733AF6FB-A594-4B62-9B6D-0292FC7C5485}.Release|Any CPU.ActiveCfg = Release|Any CPU
		{733AF6FB-A594-4B62-9B6D-0292FC7C5485}.Release|Any CPU.Build.0 = Release|Any CPU
		{42094970-C8FE-4115-A8B0-E777D420343F}.Debug|Any CPU.ActiveCfg = Debug|Any CPU
		{42094970-C8FE-4115-A8B0-E777D420343F}.Debug|Any CPU.Build.0 = Debug|Any CPU
		{42094970-C8FE-4115-A8B0-E777D420343F}.Release|Any CPU.ActiveCfg = Release|Any CPU
		{42094970-C8FE-4115-A8B0-E777D420343F}.Release|Any CPU.Build.0 = Release|Any CPU
	EndGlobalSection
	GlobalSection(SolutionProperties) = preSolution
		HideSolutionNode = FALSE
	EndGlobalSection
	GlobalSection(NestedProjects) = preSolution
		{B8F3E7FB-5B51-4BBF-BAD0-E771C71F1D99} = {1C326A12-DDE2-4ECD-B507-FFE7D6DFA6D9}
		{5B25C1C8-3DAB-4ED7-92C7-9F6701C3D787} = {1C326A12-DDE2-4ECD-B507-FFE7D6DFA6D9}
		{466538F5-069D-47CF-94AE-94DCA40A8AC5} = {1C326A12-DDE2-4ECD-B507-FFE7D6DFA6D9}
		{0366CD86-97A8-4622-A4DA-382427179411} = {1C326A12-DDE2-4ECD-B507-FFE7D6DFA6D9}
		{FF1F6FA9-ACA6-441D-8ADC-960B10E4840D} = {521E94A7-EBD9-48C4-B24E-3F73B369725D}
		{733AF6FB-A594-4B62-9B6D-0292FC7C5485} = {521E94A7-EBD9-48C4-B24E-3F73B369725D}
		{42094970-C8FE-4115-A8B0-E777D420343F} = {521E94A7-EBD9-48C4-B24E-3F73B369725D}
	EndGlobalSection
EndGlobal
